<?xml version="1.0" encoding="utf-8"?>
<Project ToolsVersion="4.0" xmlns="http://schemas.microsoft.com/developer/msbuild/2003">
  <ItemGroup>
    <Filter Include="Source Files">
      <UniqueIdentifier>{4FC737F1-C7A5-4376-A066-2A32D752A2FF}</UniqueIdentifier>
      <Extensions>cpp;c;cc;cxx;def;odl;idl;hpj;bat;asm;asmx</Extensions>
    </Filter>
    <Filter Include="Header Files">
      <UniqueIdentifier>{93995380-89BD-4b04-88EB-625FBE52EBFB}</UniqueIdentifier>
      <Extensions>h;hpp;hxx;hm;inl;inc;xsd</Extensions>
    </Filter>
    <Filter Include="Resource Files">
      <UniqueIdentifier>{67DA6AB6-F800-4c08-8B7A-83BB121AAD01}</UniqueIdentifier>
      <Extensions>rc;ico;cur;bmp;dlg;rc2;rct;bin;rgs;gif;jpg;jpeg;jpe;resx;tiff;tif;png;wav;mfcribbon-ms</Extensions>
    </Filter>
  </ItemGroup>
  <ItemGroup>
    <None Include="ReadMe.txt" />
    <None Include="res\HashStuff.rc2">
      <Filter>Resource Files</Filter>
    </None>
    <None Include="res\HashStuff.ico">
      <Filter>Resource Files</Filter>
    </None>
  </ItemGroup>
  <ItemGroup>
    <ClInclude Include="HashStuff.h">
      <Filter>Header Files</Filter>
    </ClInclude>
    <ClInclude Include="HashStuffDialog.h">
      <Filter>Header Files</Filter>
    </ClInclude>
    <ClInclude Include="stdafx.h">
      <Filter>Header Files</Filter>
    </ClInclude>
    <ClInclude Include="targetver.h">
      <Filter>Header Files</Filter>
    </ClInclude>
    <ClInclude Include="Resource.h">
      <Filter>Header Files</Filter>
    </ClInclude>
    <ClInclude Include="Common.h">
      <Filter>Header Files</Filter>
    </ClInclude>
    <ClInclude Include="MMFileBytes.h">
      <Filter>Header Files</Filter>
    </ClInclude>
    <ClInclude Include="OpenFileBytes.h">
      <Filter>Header Files</Filter>
    </ClInclude>
    <ClInclude Include="Crc32.h">
      <Filter>Header Files</Filter>
    </ClInclude>
    <ClInclude Include="Whirlpool.h">
      <Filter>Header Files</Filter>
    </ClInclude>
    <ClInclude Include="Gost.h">
      <Filter>Header Files</Filter>
    </ClInclude>
    <ClInclude Include="Hashes.h">
      <Filter>Header Files</Filter>
    </ClInclude>
    <ClInclude Include="Ripemd.h">
      <Filter>Header Files</Filter>
    </ClInclude>
    <ClInclude Include="Snefru.h">
      <Filter>Header Files</Filter>
    </ClInclude>
    <ClInclude Include="Tiger.h">
      <Filter>Header Files</Filter>
    </ClInclude>
    <ClInclude Include="Md4.h">
      <Filter>Header Files</Filter>
    </ClInclude>
    <ClInclude Include="EDonkey2K.h">
      <Filter>Header Files</Filter>
    </ClInclude>
    <ClInclude Include="FileHash.h">
      <Filter>Header Files</Filter>
    </ClInclude>
    <ClInclude Include="Cache.h">
      <Filter>Header Files</Filter>
    </ClInclude>
    <ClInclude Include="CacheMemoryManager.h">
      <Filter>Header Files</Filter>
    </ClInclude>
    <ClInclude Include="Configuration.h">
      <Filter>Header Files</Filter>
    </ClInclude>
    <ClInclude Include="Md5.h">
      <Filter>Header Files</Filter>
    </ClInclude>
    <ClInclude Include="Sha160.h">
      <Filter>Header Files</Filter>
    </ClInclude>
    <ClInclude Include="Sha256Sha224.h">
      <Filter>Header Files</Filter>
    </ClInclude>
    <ClInclude Include="Sha512Sha384.h">
      <Filter>Header Files</Filter>
    </ClInclude>
    <ClInclude Include="Murmur.h">
      <Filter>Header Files</Filter>
    </ClInclude>
    <ClInclude Include="Salsa.h">
      <Filter>Header Files</Filter>
    </ClInclude>
    <ClInclude Include="SelectAlgorithm.h">
      <Filter>Header Files</Filter>
    </ClInclude>
    <ClInclude Include="SelectAlgorithmDialog.h">
      <Filter>Header Files</Filter>
    </ClInclude>
    <ClInclude Include="Keccak.h">
      <Filter>Header Files</Filter>
    </ClInclude>
    <ClInclude Include="Haval.h">
      <Filter>Header Files</Filter>
    </ClInclude>
  </ItemGroup>
  <ItemGroup>
    <ClCompile Include="HashStuff.cpp">
      <Filter>Source Files</Filter>
    </ClCompile>
    <ClCompile Include="HashStuffDialog.cpp">
      <Filter>Source Files</Filter>
    </ClCompile>
    <ClCompile Include="stdafx.cpp">
      <Filter>Source Files</Filter>
    </ClCompile>
    <ClCompile Include="MMFileBytes.cpp">
      <Filter>Source Files</Filter>
    </ClCompile>
    <ClCompile Include="OpenFileBytes.cpp">
      <Filter>Source Files</Filter>
    </ClCompile>
    <ClCompile Include="Crc32.cpp">
      <Filter>Source Files</Filter>
    </ClCompile>
    <ClCompile Include="Whirlpool.cpp">
      <Filter>Source Files</Filter>
    </ClCompile>
    <ClCompile Include="Gost.cpp">
      <Filter>Source Files</Filter>
    </ClCompile>
    <ClCompile Include="Hashes.cpp">
      <Filter>Source Files</Filter>
    </ClCompile>
    <ClCompile Include="Haval.cpp">
      <Filter>Source Files</Filter>
    </ClCompile>
    <ClCompile Include="Ripemd.cpp">
      <Filter>Source Files</Filter>
    </ClCompile>
    <ClCompile Include="Snefru.cpp">
      <Filter>Source Files</Filter>
    </ClCompile>
    <ClCompile Include="Tiger.cpp">
      <Filter>Source Files</Filter>
    </ClCompile>
    <ClCompile Include="Md4.cpp">
      <Filter>Source Files</Filter>
    </ClCompile>
    <ClCompile Include="EDonkey2K.cpp">
      <Filter>Source Files</Filter>
    </ClCompile>
    <ClCompile Include="FileHash.cpp">
      <Filter>Source Files</Filter>
    </ClCompile>
    <ClCompile Include="Cache.cpp">
      <Filter>Source Files</Filter>
    </ClCompile>
    <ClCompile Include="CacheMemoryManager.cpp">
      <Filter>Source Files</Filter>
    </ClCompile>
    <ClCompile Include="Configuration.cpp">
      <Filter>Source Files</Filter>
    </ClCompile>
    <ClCompile Include="Md5.cpp">
      <Filter>Source Files</Filter>
    </ClCompile>
    <ClCompile Include="Sha160.cpp">
      <Filter>Source Files</Filter>
    </ClCompile>
    <ClCompile Include="Sha256Sha224.cpp">
      <Filter>Source Files</Filter>
    </ClCompile>
    <ClCompile Include="Sha512Sha384.cpp">
      <Filter>Source Files</Filter>
    </ClCompile>
    <ClCompile Include="Murmur.cpp">
      <Filter>Source Files</Filter>
    </ClCompile>
    <ClCompile Include="Salsa.cpp">
      <Filter>Source Files</Filter>
    </ClCompile>
    <ClCompile Include="SelectAlgorithm.cpp">
      <Filter>Source Files</Filter>
    </ClCompile>
    <ClCompile Include="SelectAlgorithmDialog.cpp">
      <Filter>Source Files</Filter>
    </ClCompile>
    <ClCompile Include="Keccak.cpp">
      <Filter>Source Files</Filter>
    </ClCompile>
  </ItemGroup>
  <ItemGroup>
    <ResourceCompile Include="HashStuff.rc">
      <Filter>Resource Files</Filter>
    </ResourceCompile>
  </ItemGroup>
</Project>